{
  "name": "happn-commons",
  "version": "1.5.0",
  "lockfileVersion": 2,
  "requires": true,
  "packages": {
    "": {
      "name": "happn-commons",
      "version": "1.5.0",
      "license": "ISC",
      "dependencies": {
        "async": "^3.2.2",
        "async-lock": "^1.4.0",
        "custom-env": "^2.0.1",
        "fast-clone": "^1.5.13",
        "flat": "^5.0.2",
        "fs-extra": "^10.0.0",
        "happn-configuration": "file:../happn-configuration/dist",
        "happn-sillyname": "^0.1.1",
        "happner-hyperid": "^2.0.0",
        "hashring": "^3.2.0",
        "lodash": "^4.17.21",
        "lru-cache": "^7.3.1",
        "nanoid": "^3.1.30",
        "rimraf": "^3.0.2",
        "sift": "^15.0.0",
        "uuid": "^3.3.2"
      }
    },
    "../happn-configuration/dist": {
      "name": "happn-configuration",
      "version": "0.0.1",
      "license": "ISC",
      "dependencies": {
        "acorn": "^8.8.0",
        "ajv": "^8.11.0",
        "compare-versions": "^6.0.0-rc.1",
        "deasync": "^0.1.28",
        "happn-commons": "^1.4.0"
      }
    },
    "node_modules/async": {
      "version": "3.2.4",
      "resolved": "https://registry.npmjs.org/async/-/async-3.2.4.tgz",
      "integrity": "sha512-iAB+JbDEGXhyIUavoDl9WP/Jj106Kz9DEn1DPgYw5ruDn0e3Wgi3sKFm55sASdGBNOQB8F59d9qQ7deqrHA8wQ=="
    },
    "node_modules/async-lock": {
      "version": "1.4.0",
      "resolved": "https://registry.npmjs.org/async-lock/-/async-lock-1.4.0.tgz",
      "integrity": "sha512-coglx5yIWuetakm3/1dsX9hxCNox22h7+V80RQOu2XUUMidtArxKoZoOtHUPuR84SycKTXzgGzAUR5hJxujyJQ=="
    },
    "node_modules/balanced-match": {
      "version": "1.0.2",
      "resolved": "https://registry.npmjs.org/balanced-match/-/balanced-match-1.0.2.tgz",
      "integrity": "sha512-3oSeUO0TMV67hN1AmbXsK4yaqU7tjiHlbxRDZOpH0KW9+CeX4bRAaX0Anxt0tx2MrpRpWwQaPwIlISEJhYU5Pw=="
    },
    "node_modules/brace-expansion": {
      "version": "1.1.11",
      "resolved": "https://registry.npmjs.org/brace-expansion/-/brace-expansion-1.1.11.tgz",
      "integrity": "sha512-iCuPHDFgrHX7H2vEI/5xpz07zSHB00TpugqhmYtVmMO6518mCuRMoOYFldEBl0g187ufozdaHgWKcYFb61qGiA==",
      "dependencies": {
        "balanced-match": "^1.0.0",
        "concat-map": "0.0.1"
      }
    },
    "node_modules/concat-map": {
      "version": "0.0.1",
      "resolved": "https://registry.npmjs.org/concat-map/-/concat-map-0.0.1.tgz",
      "integrity": "sha512-/Srv4dswyQNBfohGpz9o6Yb3Gz3SrUDqBH5rTuhGR7ahtlbYKnVxw2bCFMRljaA7EXHaXZ8wsHdodFvbkhKmqg=="
    },
    "node_modules/connection-parse": {
      "version": "0.0.7",
      "resolved": "https://registry.npmjs.org/connection-parse/-/connection-parse-0.0.7.tgz",
      "integrity": "sha512-bTTG28diWg7R7/+qE5NZumwPbCiJOT8uPdZYu674brDjBWQctbaQbYlDKhalS+4i5HxIx+G8dZsnBHKzWpp01A=="
    },
    "node_modules/custom-env": {
      "version": "2.0.1",
      "resolved": "https://registry.npmjs.org/custom-env/-/custom-env-2.0.1.tgz",
      "integrity": "sha512-gVv19DBDuTQ8MM/WPlf8025Aa46Aqmfrr/kDxyDfXWe5t7C3+OgBsuhrsXTKQ4hGo+z1OuuaOQnhgTWIpvrz+w==",
      "dependencies": {
        "dotenv": "*",
        "dotenv-expand": "^5.0.0"
      }
    },
    "node_modules/dotenv": {
      "version": "16.0.3",
      "resolved": "https://registry.npmjs.org/dotenv/-/dotenv-16.0.3.tgz",
      "integrity": "sha512-7GO6HghkA5fYG9TYnNxi14/7K9f5occMlp3zXAuSxn7CKCxt9xbNWG7yF8hTCSUchlfWSe3uLmlPfigevRItzQ==",
      "engines": {
        "node": ">=12"
      }
    },
    "node_modules/dotenv-expand": {
      "version": "5.1.0",
      "resolved": "https://registry.npmjs.org/dotenv-expand/-/dotenv-expand-5.1.0.tgz",
      "integrity": "sha512-YXQl1DSa4/PQyRfgrv6aoNjhasp/p4qs9FjJ4q4cQk+8m4r6k4ZSiEyytKG8f8W9gi8WsQtIObNmKd+tMzNTmA=="
    },
    "node_modules/fast-clone": {
      "version": "1.5.13",
      "resolved": "https://registry.npmjs.org/fast-clone/-/fast-clone-1.5.13.tgz",
      "integrity": "sha512-0ez7coyFBQFjZtId+RJqJ+EQs61w9xARfqjqK0AD9vIUkSxWD4HvPt80+5evebZ1tTnv1GYKrPTipx7kOW5ipA=="
    },
    "node_modules/flat": {
      "version": "5.0.2",
      "resolved": "https://registry.npmjs.org/flat/-/flat-5.0.2.tgz",
      "integrity": "sha512-b6suED+5/3rTpUBdG1gupIl8MPFCAMA0QXwmljLhvCUKcUvdE4gWky9zpuGCcXHOsz4J9wPGNWq6OKpmIzz3hQ==",
      "bin": {
        "flat": "cli.js"
      }
    },
    "node_modules/fs-extra": {
      "version": "10.1.0",
      "resolved": "https://registry.npmjs.org/fs-extra/-/fs-extra-10.1.0.tgz",
      "integrity": "sha512-oRXApq54ETRj4eMiFzGnHWGy+zo5raudjuxN0b8H7s/RU2oW0Wvsx9O0ACRN/kRq9E8Vu/ReskGB5o3ji+FzHQ==",
      "dependencies": {
        "graceful-fs": "^4.2.0",
        "jsonfile": "^6.0.1",
        "universalify": "^2.0.0"
      },
      "engines": {
        "node": ">=12"
      }
    },
    "node_modules/fs.realpath": {
      "version": "1.0.0",
      "resolved": "https://registry.npmjs.org/fs.realpath/-/fs.realpath-1.0.0.tgz",
      "integrity": "sha512-OO0pH2lK6a0hZnAdau5ItzHPI6pUlvI7jMVnxUQRtw4owF2wk8lOSabtGDCTP4Ggrg2MbGnWO9X8K1t4+fGMDw=="
    },
    "node_modules/glob": {
      "version": "7.2.3",
      "resolved": "https://registry.npmjs.org/glob/-/glob-7.2.3.tgz",
      "integrity": "sha512-nFR0zLpU2YCaRxwoCJvL6UvCH2JFyFVIvwTLsIf21AuHlMskA1hhTdk+LlYJtOlYt9v6dvszD2BGRqBL+iQK9Q==",
      "dependencies": {
        "fs.realpath": "^1.0.0",
        "inflight": "^1.0.4",
        "inherits": "2",
        "minimatch": "^3.1.1",
        "once": "^1.3.0",
        "path-is-absolute": "^1.0.0"
      },
      "engines": {
        "node": "*"
      },
      "funding": {
        "url": "https://github.com/sponsors/isaacs"
      }
    },
    "node_modules/graceful-fs": {
      "version": "4.2.10",
      "resolved": "https://registry.npmjs.org/graceful-fs/-/graceful-fs-4.2.10.tgz",
      "integrity": "sha512-9ByhssR2fPVsNZj478qUUbKfmL0+t5BDVyjShtyZZLiK7ZDAArFFfopyOTj0M05wE2tJPisA4iTnnXl2YoPvOA=="
    },
    "node_modules/happn-configuration": {
      "resolved": "../happn-configuration/dist",
      "link": true
    },
    "node_modules/happn-sillyname": {
      "version": "0.1.1",
      "resolved": "https://registry.npmjs.org/happn-sillyname/-/happn-sillyname-0.1.1.tgz",
      "integrity": "sha512-6GJmBHy2NmsWQ6Ay5lxNd3wVG9oTn237MVMHUB9l7rLAfMZ7w9SeAxX3Z1KXpUgPB6VeS1Bb20qxeT+Y9tbpXw=="
    },
    "node_modules/happner-hyperid": {
      "version": "2.0.0",
      "resolved": "https://registry.npmjs.org/happner-hyperid/-/happner-hyperid-2.0.0.tgz",
      "integrity": "sha512-cMDKXCzVR+Qy5iAHicKLCz5JTHsC4bt8i9qNo7nBy1ekdjCkPcj6G1uJTh44ZbxYFIXC880Rnom7v4Ilt3Wzxg==",
      "dependencies": {
        "uuid": "2.0.2"
      }
    },
    "node_modules/happner-hyperid/node_modules/uuid": {
      "version": "2.0.2",
      "resolved": "https://registry.npmjs.org/uuid/-/uuid-2.0.2.tgz",
      "integrity": "sha512-BooSif/UQWXwaQme+4z32duvmtUUz/nlHsyGrrSCgsGf6snMrp9q/n1nGHwQzU12kaCeceODmAiRZA8TCK06jA==",
      "deprecated": "Please upgrade  to version 7 or higher.  Older versions may use Math.random() in certain circumstances, which is known to be problematic.  See https://v8.dev/blog/math-random for details."
    },
    "node_modules/hashring": {
      "version": "3.2.0",
      "resolved": "https://registry.npmjs.org/hashring/-/hashring-3.2.0.tgz",
      "integrity": "sha512-xCMovURClsQZ+TR30icCZj+34Fq1hs0y6YCASD6ZqdRfYRybb5Iadws2WS+w09mGM/kf9xyA5FCdJQGcgcraSA==",
      "dependencies": {
        "connection-parse": "0.0.x",
        "simple-lru-cache": "0.0.x"
      }
    },
    "node_modules/inflight": {
      "version": "1.0.6",
      "resolved": "https://registry.npmjs.org/inflight/-/inflight-1.0.6.tgz",
      "integrity": "sha512-k92I/b08q4wvFscXCLvqfsHCrjrF7yiXsQuIVvVE7N82W3+aqpzuUdBbfhWcy/FZR3/4IgflMgKLOsvPDrGCJA==",
      "dependencies": {
        "once": "^1.3.0",
        "wrappy": "1"
      }
    },
    "node_modules/inherits": {
      "version": "2.0.4",
      "resolved": "https://registry.npmjs.org/inherits/-/inherits-2.0.4.tgz",
      "integrity": "sha512-k/vGaX4/Yla3WzyMCvTQOXYeIHvqOKtnqBduzTHpzpQZzAskKMhZ2K+EnBiSM9zGSoIFeMpXKxa4dYeZIQqewQ=="
    },
    "node_modules/jsonfile": {
      "version": "6.1.0",
      "resolved": "https://registry.npmjs.org/jsonfile/-/jsonfile-6.1.0.tgz",
      "integrity": "sha512-5dgndWOriYSm5cnYaJNhalLNDKOqFwyDB/rr1E9ZsGciGvKPs8R2xYGCacuf3z6K1YKDz182fd+fY3cn3pMqXQ==",
      "dependencies": {
        "universalify": "^2.0.0"
      },
      "optionalDependencies": {
        "graceful-fs": "^4.1.6"
      }
    },
    "node_modules/lodash": {
      "version": "4.17.21",
      "resolved": "https://registry.npmjs.org/lodash/-/lodash-4.17.21.tgz",
      "integrity": "sha512-v2kDEe57lecTulaDIuNTPy3Ry4gLGJ6Z1O3vE1krgXZNrsQ+LFTGHVxVjcXPs17LhbZVGedAJv8XZ1tvj5FvSg=="
    },
    "node_modules/lru-cache": {
      "version": "7.14.1",
      "resolved": "https://registry.npmjs.org/lru-cache/-/lru-cache-7.14.1.tgz",
      "integrity": "sha512-ysxwsnTKdAx96aTRdhDOCQfDgbHnt8SK0KY8SEjO0wHinhWOFTESbjVCMPbU1uGXg/ch4lifqx0wfjOawU2+WA==",
      "engines": {
        "node": ">=12"
      }
    },
    "node_modules/minimatch": {
      "version": "3.1.2",
      "resolved": "https://registry.npmjs.org/minimatch/-/minimatch-3.1.2.tgz",
      "integrity": "sha512-J7p63hRiAjw1NDEww1W7i37+ByIrOWO5XQQAzZ3VOcL0PNybwpfmV/N05zFAzwQ9USyEcX6t3UO+K5aqBQOIHw==",
      "dependencies": {
        "brace-expansion": "^1.1.7"
      },
      "engines": {
        "node": "*"
      }
    },
    "node_modules/nanoid": {
      "version": "3.3.4",
      "resolved": "https://registry.npmjs.org/nanoid/-/nanoid-3.3.4.tgz",
      "integrity": "sha512-MqBkQh/OHTS2egovRtLk45wEyNXwF+cokD+1YPf9u5VfJiRdAiRwB2froX5Co9Rh20xs4siNPm8naNotSD6RBw==",
      "bin": {
        "nanoid": "bin/nanoid.cjs"
      },
      "engines": {
        "node": "^10 || ^12 || ^13.7 || ^14 || >=15.0.1"
      }
    },
    "node_modules/once": {
      "version": "1.4.0",
      "resolved": "https://registry.npmjs.org/once/-/once-1.4.0.tgz",
      "integrity": "sha512-lNaJgI+2Q5URQBkccEKHTQOPaXdUxnZZElQTZY0MFUAuaEqe1E+Nyvgdz/aIyNi6Z9MzO5dv1H8n58/GELp3+w==",
      "dependencies": {
        "wrappy": "1"
      }
    },
    "node_modules/path-is-absolute": {
      "version": "1.0.1",
      "resolved": "https://registry.npmjs.org/path-is-absolute/-/path-is-absolute-1.0.1.tgz",
      "integrity": "sha512-AVbw3UJ2e9bq64vSaS9Am0fje1Pa8pbGqTTsmXfaIiMpnr5DlDhfJOuLj9Sf95ZPVDAUerDfEk88MPmPe7UCQg==",
      "engines": {
        "node": ">=0.10.0"
      }
    },
    "node_modules/rimraf": {
      "version": "3.0.2",
      "resolved": "https://registry.npmjs.org/rimraf/-/rimraf-3.0.2.tgz",
      "integrity": "sha512-JZkJMZkAGFFPP2YqXZXPbMlMBgsxzE8ILs4lMIX/2o0L9UBw9O/Y3o6wFw/i9YLapcUJWwqbi3kdxIPdC62TIA==",
      "dependencies": {
        "glob": "^7.1.3"
      },
      "bin": {
        "rimraf": "bin.js"
      },
      "funding": {
        "url": "https://github.com/sponsors/isaacs"
      }
    },
    "node_modules/sift": {
      "version": "15.1.3",
      "resolved": "https://registry.npmjs.org/sift/-/sift-15.1.3.tgz",
      "integrity": "sha512-/JZRQtE1pe4t93jKvAKDCgpOSfFX/tFNoYn5hUB4nuVyihGFp5pS5mQu6p7XOo0oQvj+jrgVyIteAI6lO+EE8A=="
    },
    "node_modules/simple-lru-cache": {
      "version": "0.0.2",
      "resolved": "https://registry.npmjs.org/simple-lru-cache/-/simple-lru-cache-0.0.2.tgz",
      "integrity": "sha512-uEv/AFO0ADI7d99OHDmh1QfYzQk/izT1vCmu/riQfh7qjBVUUgRT87E5s5h7CxWCA/+YoZerykpEthzVrW3LIw=="
    },
    "node_modules/universalify": {
      "version": "2.0.0",
      "resolved": "https://registry.npmjs.org/universalify/-/universalify-2.0.0.tgz",
      "integrity": "sha512-hAZsKq7Yy11Zu1DE0OzWjw7nnLZmJZYTDZZyEFHZdUhV8FkH5MCfoU1XMaxXovpyW5nq5scPqq0ZDP9Zyl04oQ==",
      "engines": {
        "node": ">= 10.0.0"
      }
    },
    "node_modules/uuid": {
      "version": "3.4.0",
      "resolved": "https://registry.npmjs.org/uuid/-/uuid-3.4.0.tgz",
      "integrity": "sha512-HjSDRw6gZE5JMggctHBcjVak08+KEVhSIiDzFnT9S9aegmp85S/bReBVTb4QTFaRNptJ9kuYaNhnbNEOkbKb/A==",
      "deprecated": "Please upgrade  to version 7 or higher.  Older versions may use Math.random() in certain circumstances, which is known to be problematic.  See https://v8.dev/blog/math-random for details.",
      "bin": {
        "uuid": "bin/uuid"
      }
    },
    "node_modules/wrappy": {
      "version": "1.0.2",
      "resolved": "https://registry.npmjs.org/wrappy/-/wrappy-1.0.2.tgz",
      "integrity": "sha512-l4Sp/DRseor9wL6EvV2+TuQn63dMkPjZ/sp9XkghTEbV9KlPS1xUsZ3u7/IQO4wxtcFB4bgpQPRcR3QCvezPcQ=="
    }
  },
  "dependencies": {
    "async": {
      "version": "3.2.4",
      "resolved": "https://registry.npmjs.org/async/-/async-3.2.4.tgz",
      "integrity": "sha512-iAB+JbDEGXhyIUavoDl9WP/Jj106Kz9DEn1DPgYw5ruDn0e3Wgi3sKFm55sASdGBNOQB8F59d9qQ7deqrHA8wQ=="
    },
    "async-lock": {
      "version": "1.4.0",
      "resolved": "https://registry.npmjs.org/async-lock/-/async-lock-1.4.0.tgz",
      "integrity": "sha512-coglx5yIWuetakm3/1dsX9hxCNox22h7+V80RQOu2XUUMidtArxKoZoOtHUPuR84SycKTXzgGzAUR5hJxujyJQ=="
    },
    "balanced-match": {
      "version": "1.0.2",
      "resolved": "https://registry.npmjs.org/balanced-match/-/balanced-match-1.0.2.tgz",
      "integrity": "sha512-3oSeUO0TMV67hN1AmbXsK4yaqU7tjiHlbxRDZOpH0KW9+CeX4bRAaX0Anxt0tx2MrpRpWwQaPwIlISEJhYU5Pw=="
    },
    "brace-expansion": {
      "version": "1.1.11",
      "resolved": "https://registry.npmjs.org/brace-expansion/-/brace-expansion-1.1.11.tgz",
      "integrity": "sha512-iCuPHDFgrHX7H2vEI/5xpz07zSHB00TpugqhmYtVmMO6518mCuRMoOYFldEBl0g187ufozdaHgWKcYFb61qGiA==",
      "requires": {
        "balanced-match": "^1.0.0",
        "concat-map": "0.0.1"
      }
    },
    "concat-map": {
      "version": "0.0.1",
      "resolved": "https://registry.npmjs.org/concat-map/-/concat-map-0.0.1.tgz",
      "integrity": "sha512-/Srv4dswyQNBfohGpz9o6Yb3Gz3SrUDqBH5rTuhGR7ahtlbYKnVxw2bCFMRljaA7EXHaXZ8wsHdodFvbkhKmqg=="
    },
    "connection-parse": {
      "version": "0.0.7",
      "resolved": "https://registry.npmjs.org/connection-parse/-/connection-parse-0.0.7.tgz",
      "integrity": "sha512-bTTG28diWg7R7/+qE5NZumwPbCiJOT8uPdZYu674brDjBWQctbaQbYlDKhalS+4i5HxIx+G8dZsnBHKzWpp01A=="
    },
    "custom-env": {
      "version": "2.0.1",
      "resolved": "https://registry.npmjs.org/custom-env/-/custom-env-2.0.1.tgz",
      "integrity": "sha512-gVv19DBDuTQ8MM/WPlf8025Aa46Aqmfrr/kDxyDfXWe5t7C3+OgBsuhrsXTKQ4hGo+z1OuuaOQnhgTWIpvrz+w==",
      "requires": {
        "dotenv": "*",
        "dotenv-expand": "^5.0.0"
      }
    },
    "dotenv": {
      "version": "16.0.3",
      "resolved": "https://registry.npmjs.org/dotenv/-/dotenv-16.0.3.tgz",
      "integrity": "sha512-7GO6HghkA5fYG9TYnNxi14/7K9f5occMlp3zXAuSxn7CKCxt9xbNWG7yF8hTCSUchlfWSe3uLmlPfigevRItzQ=="
    },
    "dotenv-expand": {
      "version": "5.1.0",
      "resolved": "https://registry.npmjs.org/dotenv-expand/-/dotenv-expand-5.1.0.tgz",
      "integrity": "sha512-YXQl1DSa4/PQyRfgrv6aoNjhasp/p4qs9FjJ4q4cQk+8m4r6k4ZSiEyytKG8f8W9gi8WsQtIObNmKd+tMzNTmA=="
    },
    "fast-clone": {
      "version": "1.5.13",
      "resolved": "https://registry.npmjs.org/fast-clone/-/fast-clone-1.5.13.tgz",
      "integrity": "sha512-0ez7coyFBQFjZtId+RJqJ+EQs61w9xARfqjqK0AD9vIUkSxWD4HvPt80+5evebZ1tTnv1GYKrPTipx7kOW5ipA=="
    },
    "flat": {
      "version": "5.0.2",
      "resolved": "https://registry.npmjs.org/flat/-/flat-5.0.2.tgz",
      "integrity": "sha512-b6suED+5/3rTpUBdG1gupIl8MPFCAMA0QXwmljLhvCUKcUvdE4gWky9zpuGCcXHOsz4J9wPGNWq6OKpmIzz3hQ=="
    },
    "fs-extra": {
      "version": "10.1.0",
      "resolved": "https://registry.npmjs.org/fs-extra/-/fs-extra-10.1.0.tgz",
      "integrity": "sha512-oRXApq54ETRj4eMiFzGnHWGy+zo5raudjuxN0b8H7s/RU2oW0Wvsx9O0ACRN/kRq9E8Vu/ReskGB5o3ji+FzHQ==",
      "requires": {
        "graceful-fs": "^4.2.0",
        "jsonfile": "^6.0.1",
        "universalify": "^2.0.0"
      }
    },
    "fs.realpath": {
      "version": "1.0.0",
      "resolved": "https://registry.npmjs.org/fs.realpath/-/fs.realpath-1.0.0.tgz",
      "integrity": "sha512-OO0pH2lK6a0hZnAdau5ItzHPI6pUlvI7jMVnxUQRtw4owF2wk8lOSabtGDCTP4Ggrg2MbGnWO9X8K1t4+fGMDw=="
    },
    "glob": {
      "version": "7.2.3",
      "resolved": "https://registry.npmjs.org/glob/-/glob-7.2.3.tgz",
      "integrity": "sha512-nFR0zLpU2YCaRxwoCJvL6UvCH2JFyFVIvwTLsIf21AuHlMskA1hhTdk+LlYJtOlYt9v6dvszD2BGRqBL+iQK9Q==",
      "requires": {
        "fs.realpath": "^1.0.0",
        "inflight": "^1.0.4",
        "inherits": "2",
        "minimatch": "^3.1.1",
        "once": "^1.3.0",
        "path-is-absolute": "^1.0.0"
      }
    },
    "graceful-fs": {
      "version": "4.2.10",
      "resolved": "https://registry.npmjs.org/graceful-fs/-/graceful-fs-4.2.10.tgz",
      "integrity": "sha512-9ByhssR2fPVsNZj478qUUbKfmL0+t5BDVyjShtyZZLiK7ZDAArFFfopyOTj0M05wE2tJPisA4iTnnXl2YoPvOA=="
    },
    "happn-configuration": {
      "version": "file:../happn-configuration/dist",
      "requires": {
        "acorn": "^8.8.0",
        "ajv": "^8.11.0",
        "compare-versions": "^6.0.0-rc.1",
        "deasync": "^0.1.28",
        "happn-commons": "^1.4.0"
      }
    },
    "happn-sillyname": {
      "version": "0.1.1",
      "resolved": "https://registry.npmjs.org/happn-sillyname/-/happn-sillyname-0.1.1.tgz",
      "integrity": "sha512-6GJmBHy2NmsWQ6Ay5lxNd3wVG9oTn237MVMHUB9l7rLAfMZ7w9SeAxX3Z1KXpUgPB6VeS1Bb20qxeT+Y9tbpXw=="
    },
    "happner-hyperid": {
      "version": "2.0.0",
      "resolved": "https://registry.npmjs.org/happner-hyperid/-/happner-hyperid-2.0.0.tgz",
      "integrity": "sha512-cMDKXCzVR+Qy5iAHicKLCz5JTHsC4bt8i9qNo7nBy1ekdjCkPcj6G1uJTh44ZbxYFIXC880Rnom7v4Ilt3Wzxg==",
      "requires": {
        "uuid": "2.0.2"
      },
      "dependencies": {
        "uuid": {
          "version": "2.0.2",
          "resolved": "https://registry.npmjs.org/uuid/-/uuid-2.0.2.tgz",
          "integrity": "sha512-BooSif/UQWXwaQme+4z32duvmtUUz/nlHsyGrrSCgsGf6snMrp9q/n1nGHwQzU12kaCeceODmAiRZA8TCK06jA=="
        }
      }
    },
    "hashring": {
      "version": "3.2.0",
      "resolved": "https://registry.npmjs.org/hashring/-/hashring-3.2.0.tgz",
      "integrity": "sha512-xCMovURClsQZ+TR30icCZj+34Fq1hs0y6YCASD6ZqdRfYRybb5Iadws2WS+w09mGM/kf9xyA5FCdJQGcgcraSA==",
      "requires": {
        "connection-parse": "0.0.x",
        "simple-lru-cache": "0.0.x"
      }
    },
    "inflight": {
      "version": "1.0.6",
      "resolved": "https://registry.npmjs.org/inflight/-/inflight-1.0.6.tgz",
      "integrity": "sha512-k92I/b08q4wvFscXCLvqfsHCrjrF7yiXsQuIVvVE7N82W3+aqpzuUdBbfhWcy/FZR3/4IgflMgKLOsvPDrGCJA==",
      "requires": {
        "once": "^1.3.0",
        "wrappy": "1"
      }
    },
    "inherits": {
      "version": "2.0.4",
      "resolved": "https://registry.npmjs.org/inherits/-/inherits-2.0.4.tgz",
      "integrity": "sha512-k/vGaX4/Yla3WzyMCvTQOXYeIHvqOKtnqBduzTHpzpQZzAskKMhZ2K+EnBiSM9zGSoIFeMpXKxa4dYeZIQqewQ=="
    },
    "jsonfile": {
      "version": "6.1.0",
      "resolved": "https://registry.npmjs.org/jsonfile/-/jsonfile-6.1.0.tgz",
      "integrity": "sha512-5dgndWOriYSm5cnYaJNhalLNDKOqFwyDB/rr1E9ZsGciGvKPs8R2xYGCacuf3z6K1YKDz182fd+fY3cn3pMqXQ==",
      "requires": {
        "graceful-fs": "^4.1.6",
        "universalify": "^2.0.0"
      }
    },
    "lodash": {
      "version": "4.17.21",
      "resolved": "https://registry.npmjs.org/lodash/-/lodash-4.17.21.tgz",
      "integrity": "sha512-v2kDEe57lecTulaDIuNTPy3Ry4gLGJ6Z1O3vE1krgXZNrsQ+LFTGHVxVjcXPs17LhbZVGedAJv8XZ1tvj5FvSg=="
    },
    "lru-cache": {
      "version": "7.14.1",
      "resolved": "https://registry.npmjs.org/lru-cache/-/lru-cache-7.14.1.tgz",
      "integrity": "sha512-ysxwsnTKdAx96aTRdhDOCQfDgbHnt8SK0KY8SEjO0wHinhWOFTESbjVCMPbU1uGXg/ch4lifqx0wfjOawU2+WA=="
    },
    "minimatch": {
      "version": "3.1.2",
      "resolved": "https://registry.npmjs.org/minimatch/-/minimatch-3.1.2.tgz",
      "integrity": "sha512-J7p63hRiAjw1NDEww1W7i37+ByIrOWO5XQQAzZ3VOcL0PNybwpfmV/N05zFAzwQ9USyEcX6t3UO+K5aqBQOIHw==",
      "requires": {
        "brace-expansion": "^1.1.7"
      }
    },
    "nanoid": {
      "version": "3.3.4",
      "resolved": "https://registry.npmjs.org/nanoid/-/nanoid-3.3.4.tgz",
      "integrity": "sha512-MqBkQh/OHTS2egovRtLk45wEyNXwF+cokD+1YPf9u5VfJiRdAiRwB2froX5Co9Rh20xs4siNPm8naNotSD6RBw=="
    },
    "once": {
      "version": "1.4.0",
      "resolved": "https://registry.npmjs.org/once/-/once-1.4.0.tgz",
      "integrity": "sha512-lNaJgI+2Q5URQBkccEKHTQOPaXdUxnZZElQTZY0MFUAuaEqe1E+Nyvgdz/aIyNi6Z9MzO5dv1H8n58/GELp3+w==",
      "requires": {
        "wrappy": "1"
      }
    },
    "path-is-absolute": {
      "version": "1.0.1",
      "resolved": "https://registry.npmjs.org/path-is-absolute/-/path-is-absolute-1.0.1.tgz",
      "integrity": "sha512-AVbw3UJ2e9bq64vSaS9Am0fje1Pa8pbGqTTsmXfaIiMpnr5DlDhfJOuLj9Sf95ZPVDAUerDfEk88MPmPe7UCQg=="
    },
    "rimraf": {
      "version": "3.0.2",
      "resolved": "https://registry.npmjs.org/rimraf/-/rimraf-3.0.2.tgz",
      "integrity": "sha512-JZkJMZkAGFFPP2YqXZXPbMlMBgsxzE8ILs4lMIX/2o0L9UBw9O/Y3o6wFw/i9YLapcUJWwqbi3kdxIPdC62TIA==",
      "requires": {
        "glob": "^7.1.3"
      }
    },
    "sift": {
      "version": "15.1.3",
      "resolved": "https://registry.npmjs.org/sift/-/sift-15.1.3.tgz",
      "integrity": "sha512-/JZRQtE1pe4t93jKvAKDCgpOSfFX/tFNoYn5hUB4nuVyihGFp5pS5mQu6p7XOo0oQvj+jrgVyIteAI6lO+EE8A=="
    },
    "simple-lru-cache": {
      "version": "0.0.2",
      "resolved": "https://registry.npmjs.org/simple-lru-cache/-/simple-lru-cache-0.0.2.tgz",
      "integrity": "sha512-uEv/AFO0ADI7d99OHDmh1QfYzQk/izT1vCmu/riQfh7qjBVUUgRT87E5s5h7CxWCA/+YoZerykpEthzVrW3LIw=="
    },
    "universalify": {
      "version": "2.0.0",
      "resolved": "https://registry.npmjs.org/universalify/-/universalify-2.0.0.tgz",
      "integrity": "sha512-hAZsKq7Yy11Zu1DE0OzWjw7nnLZmJZYTDZZyEFHZdUhV8FkH5MCfoU1XMaxXovpyW5nq5scPqq0ZDP9Zyl04oQ=="
    },
    "uuid": {
      "version": "3.4.0",
      "resolved": "https://registry.npmjs.org/uuid/-/uuid-3.4.0.tgz",
      "integrity": "sha512-HjSDRw6gZE5JMggctHBcjVak08+KEVhSIiDzFnT9S9aegmp85S/bReBVTb4QTFaRNptJ9kuYaNhnbNEOkbKb/A=="
    },
    "wrappy": {
      "version": "1.0.2",
      "resolved": "https://registry.npmjs.org/wrappy/-/wrappy-1.0.2.tgz",
      "integrity": "sha512-l4Sp/DRseor9wL6EvV2+TuQn63dMkPjZ/sp9XkghTEbV9KlPS1xUsZ3u7/IQO4wxtcFB4bgpQPRcR3QCvezPcQ=="
    }
  }
}
